// !$*UTF8*$!
{
	archiveVersion = 1;
	classes = {
	};
	objectVersion = 55;
	objects = {

/* Begin PBXBuildFile section */
		B74A84BB27C0AE1F00D21A8A /* DesafioImgurApp.swift in Sources */ = {isa = PBXBuildFile; fileRef = B74A84BA27C0AE1F00D21A8A /* DesafioImgurApp.swift */; };
		B74A84BD27C0AE1F00D21A8A /* AppView.swift in Sources */ = {isa = PBXBuildFile; fileRef = B74A84BC27C0AE1F00D21A8A /* AppView.swift */; };
		B74A84BF27C0AE2100D21A8A /* Assets.xcassets in Resources */ = {isa = PBXBuildFile; fileRef = B74A84BE27C0AE2100D21A8A /* Assets.xcassets */; };
		B74A84C227C0AE2100D21A8A /* Preview Assets.xcassets in Resources */ = {isa = PBXBuildFile; fileRef = B74A84C127C0AE2100D21A8A /* Preview Assets.xcassets */; };
		B74A84CC27C0AE2200D21A8A /* DesafioImgurTests.swift in Sources */ = {isa = PBXBuildFile; fileRef = B74A84CB27C0AE2200D21A8A /* DesafioImgurTests.swift */; };
		B74A84D627C0AE2200D21A8A /* DesafioImgurUITests.swift in Sources */ = {isa = PBXBuildFile; fileRef = B74A84D527C0AE2200D21A8A /* DesafioImgurUITests.swift */; };
		B74A84D827C0AE2200D21A8A /* DesafioImgurUITestsLaunchTests.swift in Sources */ = {isa = PBXBuildFile; fileRef = B74A84D727C0AE2200D21A8A /* DesafioImgurUITestsLaunchTests.swift */; };
		B74A84EA27C0B15F00D21A8A /* RestUtil.swift in Sources */ = {isa = PBXBuildFile; fileRef = B74A84E927C0B15F00D21A8A /* RestUtil.swift */; };
		B74A84EC27C0BBE700D21A8A /* AuthUtils.swift in Sources */ = {isa = PBXBuildFile; fileRef = B74A84EB27C0BBE700D21A8A /* AuthUtils.swift */; };
		B74A84EE27C0BE0E00D21A8A /* WebView.swift in Sources */ = {isa = PBXBuildFile; fileRef = B74A84ED27C0BE0E00D21A8A /* WebView.swift */; };
		B74A84F027C0BEDC00D21A8A /* Constants.swift in Sources */ = {isa = PBXBuildFile; fileRef = B74A84EF27C0BEDC00D21A8A /* Constants.swift */; };
		B74A84F327C0C03500D21A8A /* LocalStorage.swift in Sources */ = {isa = PBXBuildFile; fileRef = B74A84F227C0C03500D21A8A /* LocalStorage.swift */; };
		B74A84F727C3D54D00D21A8A /* WebViewModel.swift in Sources */ = {isa = PBXBuildFile; fileRef = B74A84F627C3D54D00D21A8A /* WebViewModel.swift */; };
		B74A84FF27C42EDD00D21A8A /* AuthenticateView.swift in Sources */ = {isa = PBXBuildFile; fileRef = B74A84FE27C42EDD00D21A8A /* AuthenticateView.swift */; };
		B74A850927C4305600D21A8A /* AuthViewModel.swift in Sources */ = {isa = PBXBuildFile; fileRef = B74A850827C4305600D21A8A /* AuthViewModel.swift */; };
		B74A850C27C4315200D21A8A /* AuthManager.swift in Sources */ = {isa = PBXBuildFile; fileRef = B74A850B27C4315200D21A8A /* AuthManager.swift */; };
		B74A850E27C4324200D21A8A /* AuthEntity.swift in Sources */ = {isa = PBXBuildFile; fileRef = B74A850D27C4324200D21A8A /* AuthEntity.swift */; };
		B74A851227C4630A00D21A8A /* GalleryScreenView.swift in Sources */ = {isa = PBXBuildFile; fileRef = B74A851127C4630A00D21A8A /* GalleryScreenView.swift */; };
		B74A851627C4632900D21A8A /* GalleryViewModel.swift in Sources */ = {isa = PBXBuildFile; fileRef = B74A851527C4632900D21A8A /* GalleryViewModel.swift */; };
		B74A851927C4635100D21A8A /* GalleryManager.swift in Sources */ = {isa = PBXBuildFile; fileRef = B74A851827C4635100D21A8A /* GalleryManager.swift */; };
		B74A851B27C4636200D21A8A /* GalleryResponseEntity.swift in Sources */ = {isa = PBXBuildFile; fileRef = B74A851A27C4636200D21A8A /* GalleryResponseEntity.swift */; };
		B74A851E27C4637700D21A8A /* GalleryProvider.swift in Sources */ = {isa = PBXBuildFile; fileRef = B74A851D27C4637700D21A8A /* GalleryProvider.swift */; };
		B74A852427C466AC00D21A8A /* HeaderRequest.swift in Sources */ = {isa = PBXBuildFile; fileRef = B74A852327C466AC00D21A8A /* HeaderRequest.swift */; };
		B74A852727C476DB00D21A8A /* HeaderGalleryView.swift in Sources */ = {isa = PBXBuildFile; fileRef = B74A852627C476DB00D21A8A /* HeaderGalleryView.swift */; };
		B74A852A27C47C3200D21A8A /* GridItemsImages.swift in Sources */ = {isa = PBXBuildFile; fileRef = B74A852927C47C3200D21A8A /* GridItemsImages.swift */; };
		B74A853227C53B7200D21A8A /* CustomAsyncImage.swift in Sources */ = {isa = PBXBuildFile; fileRef = B74A853127C53B7200D21A8A /* CustomAsyncImage.swift */; };
		B74A853527C56D2800D21A8A /* ImageScreenView.swift in Sources */ = {isa = PBXBuildFile; fileRef = B74A853427C56D2800D21A8A /* ImageScreenView.swift */; };
		B74A853927C5D71700D21A8A /* ToastUI in Frameworks */ = {isa = PBXBuildFile; productRef = B74A853827C5D71700D21A8A /* ToastUI */; };
/* End PBXBuildFile section */

/* Begin PBXContainerItemProxy section */
		B74A84C827C0AE2200D21A8A /* PBXContainerItemProxy */ = {
			isa = PBXContainerItemProxy;
			containerPortal = B74A84AF27C0AE1F00D21A8A /* Project object */;
			proxyType = 1;
			remoteGlobalIDString = B74A84B627C0AE1F00D21A8A;
			remoteInfo = DesafioImgur;
		};
		B74A84D227C0AE2200D21A8A /* PBXContainerItemProxy */ = {
			isa = PBXContainerItemProxy;
			containerPortal = B74A84AF27C0AE1F00D21A8A /* Project object */;
			proxyType = 1;
			remoteGlobalIDString = B74A84B627C0AE1F00D21A8A;
			remoteInfo = DesafioImgur;
		};
/* End PBXContainerItemProxy section */

/* Begin PBXFileReference section */
		B74A84B727C0AE1F00D21A8A /* DesafioImgur.app */ = {isa = PBXFileReference; explicitFileType = wrapper.application; includeInIndex = 0; path = DesafioImgur.app; sourceTree = BUILT_PRODUCTS_DIR; };
		B74A84BA27C0AE1F00D21A8A /* DesafioImgurApp.swift */ = {isa = PBXFileReference; lastKnownFileType = sourcecode.swift; path = DesafioImgurApp.swift; sourceTree = "<group>"; };
		B74A84BC27C0AE1F00D21A8A /* AppView.swift */ = {isa = PBXFileReference; lastKnownFileType = sourcecode.swift; path = AppView.swift; sourceTree = "<group>"; };
		B74A84BE27C0AE2100D21A8A /* Assets.xcassets */ = {isa = PBXFileReference; lastKnownFileType = folder.assetcatalog; path = Assets.xcassets; sourceTree = "<group>"; };
		B74A84C127C0AE2100D21A8A /* Preview Assets.xcassets */ = {isa = PBXFileReference; lastKnownFileType = folder.assetcatalog; path = "Preview Assets.xcassets"; sourceTree = "<group>"; };
		B74A84C727C0AE2200D21A8A /* DesafioImgurTests.xctest */ = {isa = PBXFileReference; explicitFileType = wrapper.cfbundle; includeInIndex = 0; path = DesafioImgurTests.xctest; sourceTree = BUILT_PRODUCTS_DIR; };
		B74A84CB27C0AE2200D21A8A /* DesafioImgurTests.swift */ = {isa = PBXFileReference; lastKnownFileType = sourcecode.swift; path = DesafioImgurTests.swift; sourceTree = "<group>"; };
		B74A84D127C0AE2200D21A8A /* DesafioImgurUITests.xctest */ = {isa = PBXFileReference; explicitFileType = wrapper.cfbundle; includeInIndex = 0; path = DesafioImgurUITests.xctest; sourceTree = BUILT_PRODUCTS_DIR; };
		B74A84D527C0AE2200D21A8A /* DesafioImgurUITests.swift */ = {isa = PBXFileReference; lastKnownFileType = sourcecode.swift; path = DesafioImgurUITests.swift; sourceTree = "<group>"; };
		B74A84D727C0AE2200D21A8A /* DesafioImgurUITestsLaunchTests.swift */ = {isa = PBXFileReference; lastKnownFileType = sourcecode.swift; path = DesafioImgurUITestsLaunchTests.swift; sourceTree = "<group>"; };
		B74A84E927C0B15F00D21A8A /* RestUtil.swift */ = {isa = PBXFileReference; lastKnownFileType = sourcecode.swift; path = RestUtil.swift; sourceTree = "<group>"; };
		B74A84EB27C0BBE700D21A8A /* AuthUtils.swift */ = {isa = PBXFileReference; lastKnownFileType = sourcecode.swift; path = AuthUtils.swift; sourceTree = "<group>"; };
		B74A84ED27C0BE0E00D21A8A /* WebView.swift */ = {isa = PBXFileReference; lastKnownFileType = sourcecode.swift; path = WebView.swift; sourceTree = "<group>"; };
		B74A84EF27C0BEDC00D21A8A /* Constants.swift */ = {isa = PBXFileReference; lastKnownFileType = sourcecode.swift; path = Constants.swift; sourceTree = "<group>"; };
		B74A84F227C0C03500D21A8A /* LocalStorage.swift */ = {isa = PBXFileReference; lastKnownFileType = sourcecode.swift; path = LocalStorage.swift; sourceTree = "<group>"; };
		B74A84F627C3D54D00D21A8A /* WebViewModel.swift */ = {isa = PBXFileReference; lastKnownFileType = sourcecode.swift; path = WebViewModel.swift; sourceTree = "<group>"; };
		B74A84FE27C42EDD00D21A8A /* AuthenticateView.swift */ = {isa = PBXFileReference; lastKnownFileType = sourcecode.swift; path = AuthenticateView.swift; sourceTree = "<group>"; };
		B74A850827C4305600D21A8A /* AuthViewModel.swift */ = {isa = PBXFileReference; lastKnownFileType = sourcecode.swift; path = AuthViewModel.swift; sourceTree = "<group>"; };
		B74A850B27C4315200D21A8A /* AuthManager.swift */ = {isa = PBXFileReference; lastKnownFileType = sourcecode.swift; path = AuthManager.swift; sourceTree = "<group>"; };
		B74A850D27C4324200D21A8A /* AuthEntity.swift */ = {isa = PBXFileReference; lastKnownFileType = sourcecode.swift; path = AuthEntity.swift; sourceTree = "<group>"; };
		B74A851127C4630A00D21A8A /* GalleryScreenView.swift */ = {isa = PBXFileReference; lastKnownFileType = sourcecode.swift; path = GalleryScreenView.swift; sourceTree = "<group>"; };
		B74A851527C4632900D21A8A /* GalleryViewModel.swift */ = {isa = PBXFileReference; lastKnownFileType = sourcecode.swift; path = GalleryViewModel.swift; sourceTree = "<group>"; };
		B74A851827C4635100D21A8A /* GalleryManager.swift */ = {isa = PBXFileReference; lastKnownFileType = sourcecode.swift; path = GalleryManager.swift; sourceTree = "<group>"; };
		B74A851A27C4636200D21A8A /* GalleryResponseEntity.swift */ = {isa = PBXFileReference; lastKnownFileType = sourcecode.swift; path = GalleryResponseEntity.swift; sourceTree = "<group>"; };
		B74A851D27C4637700D21A8A /* GalleryProvider.swift */ = {isa = PBXFileReference; lastKnownFileType = sourcecode.swift; path = GalleryProvider.swift; sourceTree = "<group>"; };
		B74A852327C466AC00D21A8A /* HeaderRequest.swift */ = {isa = PBXFileReference; lastKnownFileType = sourcecode.swift; path = HeaderRequest.swift; sourceTree = "<group>"; };
		B74A852627C476DB00D21A8A /* HeaderGalleryView.swift */ = {isa = PBXFileReference; lastKnownFileType = sourcecode.swift; path = HeaderGalleryView.swift; sourceTree = "<group>"; };
		B74A852927C47C3200D21A8A /* GridItemsImages.swift */ = {isa = PBXFileReference; lastKnownFileType = sourcecode.swift; path = GridItemsImages.swift; sourceTree = "<group>"; };
		B74A853127C53B7200D21A8A /* CustomAsyncImage.swift */ = {isa = PBXFileReference; lastKnownFileType = sourcecode.swift; path = CustomAsyncImage.swift; sourceTree = "<group>"; };
		B74A853427C56D2800D21A8A /* ImageScreenView.swift */ = {isa = PBXFileReference; lastKnownFileType = sourcecode.swift; path = ImageScreenView.swift; sourceTree = "<group>"; };
/* End PBXFileReference section */

/* Begin PBXFrameworksBuildPhase section */
		B74A84B427C0AE1F00D21A8A /* Frameworks */ = {
			isa = PBXFrameworksBuildPhase;
			buildActionMask = 2147483647;
			files = (
				B74A853927C5D71700D21A8A /* ToastUI in Frameworks */,
			);
			runOnlyForDeploymentPostprocessing = 0;
		};
		B74A84C427C0AE2200D21A8A /* Frameworks */ = {
			isa = PBXFrameworksBuildPhase;
			buildActionMask = 2147483647;
			files = (
			);
			runOnlyForDeploymentPostprocessing = 0;
		};
		B74A84CE27C0AE2200D21A8A /* Frameworks */ = {
			isa = PBXFrameworksBuildPhase;
			buildActionMask = 2147483647;
			files = (
			);
			runOnlyForDeploymentPostprocessing = 0;
		};
/* End PBXFrameworksBuildPhase section */

/* Begin PBXGroup section */
		B74A84AE27C0AE1F00D21A8A = {
			isa = PBXGroup;
			children = (
				B74A84B927C0AE1F00D21A8A /* DesafioImgur */,
				B74A84CA27C0AE2200D21A8A /* DesafioImgurTests */,
				B74A84D427C0AE2200D21A8A /* DesafioImgurUITests */,
				B74A84B827C0AE1F00D21A8A /* Products */,
			);
			sourceTree = "<group>";
		};
		B74A84B827C0AE1F00D21A8A /* Products */ = {
			isa = PBXGroup;
			children = (
				B74A84B727C0AE1F00D21A8A /* DesafioImgur.app */,
				B74A84C727C0AE2200D21A8A /* DesafioImgurTests.xctest */,
				B74A84D127C0AE2200D21A8A /* DesafioImgurUITests.xctest */,
			);
			name = Products;
			sourceTree = "<group>";
		};
		B74A84B927C0AE1F00D21A8A /* DesafioImgur */ = {
			isa = PBXGroup;
			children = (
				B74A84F827C4124600D21A8A /* shared views */,
				B74A84E627C0B0C200D21A8A /* shared model */,
				B74A84FD27C42EA800D21A8A /* authenticate */,
				B74A851027C462C100D21A8A /* gallery */,
				B74A853327C56D0E00D21A8A /* image */,
				B74A84BA27C0AE1F00D21A8A /* DesafioImgurApp.swift */,
				B74A84BC27C0AE1F00D21A8A /* AppView.swift */,
				B74A84BE27C0AE2100D21A8A /* Assets.xcassets */,
				B74A84C027C0AE2100D21A8A /* Preview Content */,
			);
			path = DesafioImgur;
			sourceTree = "<group>";
		};
		B74A84C027C0AE2100D21A8A /* Preview Content */ = {
			isa = PBXGroup;
			children = (
				B74A84C127C0AE2100D21A8A /* Preview Assets.xcassets */,
			);
			path = "Preview Content";
			sourceTree = "<group>";
		};
		B74A84CA27C0AE2200D21A8A /* DesafioImgurTests */ = {
			isa = PBXGroup;
			children = (
				B74A84CB27C0AE2200D21A8A /* DesafioImgurTests.swift */,
			);
			path = DesafioImgurTests;
			sourceTree = "<group>";
		};
		B74A84D427C0AE2200D21A8A /* DesafioImgurUITests */ = {
			isa = PBXGroup;
			children = (
				B74A84D527C0AE2200D21A8A /* DesafioImgurUITests.swift */,
				B74A84D727C0AE2200D21A8A /* DesafioImgurUITestsLaunchTests.swift */,
			);
			path = DesafioImgurUITests;
			sourceTree = "<group>";
		};
		B74A84E627C0B0C200D21A8A /* shared model */ = {
			isa = PBXGroup;
			children = (
				B74A850227C42F0C00D21A8A /* providers */,
				B74A84E827C0B13B00D21A8A /* entities */,
				B74A84EF27C0BEDC00D21A8A /* Constants.swift */,
			);
			path = "shared model";
			sourceTree = "<group>";
		};
		B74A84E727C0B12C00D21A8A /* RestUtils */ = {
			isa = PBXGroup;
			children = (
				B74A852227C4669F00D21A8A /* entities */,
				B74A84E927C0B15F00D21A8A /* RestUtil.swift */,
			);
			path = RestUtils;
			sourceTree = "<group>";
		};
		B74A84E827C0B13B00D21A8A /* entities */ = {
			isa = PBXGroup;
			children = (
				B74A850D27C4324200D21A8A /* AuthEntity.swift */,
			);
			path = entities;
			sourceTree = "<group>";
		};
		B74A84F127C0C01800D21A8A /* Storage */ = {
			isa = PBXGroup;
			children = (
				B74A84F227C0C03500D21A8A /* LocalStorage.swift */,
			);
			path = Storage;
			sourceTree = "<group>";
		};
		B74A84F827C4124600D21A8A /* shared views */ = {
			isa = PBXGroup;
			children = (
				B74A84F927C4126600D21A8A /* WebView */,
				B74A853127C53B7200D21A8A /* CustomAsyncImage.swift */,
			);
			path = "shared views";
			sourceTree = "<group>";
		};
		B74A84F927C4126600D21A8A /* WebView */ = {
			isa = PBXGroup;
			children = (
				B74A84FA27C4127600D21A8A /* model */,
				B74A84ED27C0BE0E00D21A8A /* WebView.swift */,
			);
			path = WebView;
			sourceTree = "<group>";
		};
		B74A84FA27C4127600D21A8A /* model */ = {
			isa = PBXGroup;
			children = (
				B74A84F627C3D54D00D21A8A /* WebViewModel.swift */,
			);
			path = model;
			sourceTree = "<group>";
		};
		B74A84FD27C42EA800D21A8A /* authenticate */ = {
			isa = PBXGroup;
			children = (
				B74A850127C42EED00D21A8A /* model */,
				B74A850027C42EE100D21A8A /* viewModel */,
				B74A84FE27C42EDD00D21A8A /* AuthenticateView.swift */,
			);
			path = authenticate;
			sourceTree = "<group>";
		};
		B74A850027C42EE100D21A8A /* viewModel */ = {
			isa = PBXGroup;
			children = (
				B74A850827C4305600D21A8A /* AuthViewModel.swift */,
			);
			path = viewModel;
			sourceTree = "<group>";
		};
		B74A850127C42EED00D21A8A /* model */ = {
			isa = PBXGroup;
			children = (
				B74A850A27C4314200D21A8A /* manager */,
				B74A850327C42F3000D21A8A /* providers */,
			);
			path = model;
			sourceTree = "<group>";
		};
		B74A850227C42F0C00D21A8A /* providers */ = {
			isa = PBXGroup;
			children = (
				B74A84E727C0B12C00D21A8A /* RestUtils */,
				B74A84F127C0C01800D21A8A /* Storage */,
			);
			path = providers;
			sourceTree = "<group>";
		};
		B74A850327C42F3000D21A8A /* providers */ = {
			isa = PBXGroup;
			children = (
				B74A84EB27C0BBE700D21A8A /* AuthUtils.swift */,
			);
			path = providers;
			sourceTree = "<group>";
		};
		B74A850A27C4314200D21A8A /* manager */ = {
			isa = PBXGroup;
			children = (
				B74A850B27C4315200D21A8A /* AuthManager.swift */,
			);
			path = manager;
			sourceTree = "<group>";
		};
		B74A851027C462C100D21A8A /* gallery */ = {
			isa = PBXGroup;
			children = (
				B74A852527C476AB00D21A8A /* views */,
				B74A851427C4631A00D21A8A /* viewModel */,
				B74A851327C4631500D21A8A /* model */,
				B74A851127C4630A00D21A8A /* GalleryScreenView.swift */,
			);
			path = gallery;
			sourceTree = "<group>";
		};
		B74A851327C4631500D21A8A /* model */ = {
			isa = PBXGroup;
			children = (
				B74A851827C4635100D21A8A /* GalleryManager.swift */,
				B74A851D27C4637700D21A8A /* GalleryProvider.swift */,
				B74A851A27C4636200D21A8A /* GalleryResponseEntity.swift */,
			);
			path = model;
			sourceTree = "<group>";
		};
		B74A851427C4631A00D21A8A /* viewModel */ = {
			isa = PBXGroup;
			children = (
				B74A851527C4632900D21A8A /* GalleryViewModel.swift */,
			);
			path = viewModel;
			sourceTree = "<group>";
		};
		B74A852227C4669F00D21A8A /* entities */ = {
			isa = PBXGroup;
			children = (
				B74A852327C466AC00D21A8A /* HeaderRequest.swift */,
			);
			path = entities;
			sourceTree = "<group>";
		};
		B74A852527C476AB00D21A8A /* views */ = {
			isa = PBXGroup;
			children = (
				B74A852627C476DB00D21A8A /* HeaderGalleryView.swift */,
				B74A852927C47C3200D21A8A /* GridItemsImages.swift */,
			);
			path = views;
			sourceTree = "<group>";
		};
		B74A853327C56D0E00D21A8A /* image */ = {
			isa = PBXGroup;
			children = (
				B74A853627C56D3400D21A8A /* model */,
				B74A853427C56D2800D21A8A /* ImageScreenView.swift */,
			);
			path = image;
			sourceTree = "<group>";
		};
		B74A853627C56D3400D21A8A /* model */ = {
			isa = PBXGroup;
			children = (
			);
			path = model;
			sourceTree = "<group>";
		};
/* End PBXGroup section */

/* Begin PBXNativeTarget section */
		B74A84B627C0AE1F00D21A8A /* DesafioImgur */ = {
			isa = PBXNativeTarget;
			buildConfigurationList = B74A84DB27C0AE2200D21A8A /* Build configuration list for PBXNativeTarget "DesafioImgur" */;
			buildPhases = (
				B74A84B327C0AE1F00D21A8A /* Sources */,
				B74A84B427C0AE1F00D21A8A /* Frameworks */,
				B74A84B527C0AE1F00D21A8A /* Resources */,
			);
			buildRules = (
			);
			dependencies = (
			);
			name = DesafioImgur;
			packageProductDependencies = (
				B74A853827C5D71700D21A8A /* ToastUI */,
			);
			productName = DesafioImgur;
			productReference = B74A84B727C0AE1F00D21A8A /* DesafioImgur.app */;
			productType = "com.apple.product-type.application";
		};
		B74A84C627C0AE2200D21A8A /* DesafioImgurTests */ = {
			isa = PBXNativeTarget;
			buildConfigurationList = B74A84DE27C0AE2200D21A8A /* Build configuration list for PBXNativeTarget "DesafioImgurTests" */;
			buildPhases = (
				B74A84C327C0AE2200D21A8A /* Sources */,
				B74A84C427C0AE2200D21A8A /* Frameworks */,
				B74A84C527C0AE2200D21A8A /* Resources */,
			);
			buildRules = (
			);
			dependencies = (
				B74A84C927C0AE2200D21A8A /* PBXTargetDependency */,
			);
			name = DesafioImgurTests;
			productName = DesafioImgurTests;
			productReference = B74A84C727C0AE2200D21A8A /* DesafioImgurTests.xctest */;
			productType = "com.apple.product-type.bundle.unit-test";
		};
		B74A84D027C0AE2200D21A8A /* DesafioImgurUITests */ = {
			isa = PBXNativeTarget;
			buildConfigurationList = B74A84E127C0AE2200D21A8A /* Build configuration list for PBXNativeTarget "DesafioImgurUITests" */;
			buildPhases = (
				B74A84CD27C0AE2200D21A8A /* Sources */,
				B74A84CE27C0AE2200D21A8A /* Frameworks */,
				B74A84CF27C0AE2200D21A8A /* Resources */,
			);
			buildRules = (
			);
			dependencies = (
				B74A84D327C0AE2200D21A8A /* PBXTargetDependency */,
			);
			name = DesafioImgurUITests;
			productName = DesafioImgurUITests;
			productReference = B74A84D127C0AE2200D21A8A /* DesafioImgurUITests.xctest */;
			productType = "com.apple.product-type.bundle.ui-testing";
		};
/* End PBXNativeTarget section */

/* Begin PBXProject section */
		B74A84AF27C0AE1F00D21A8A /* Project object */ = {
			isa = PBXProject;
			attributes = {
				BuildIndependentTargetsInParallel = 1;
				LastSwiftUpdateCheck = 1320;
				LastUpgradeCheck = 1320;
				TargetAttributes = {
					B74A84B627C0AE1F00D21A8A = {
						CreatedOnToolsVersion = 13.2.1;
					};
					B74A84C627C0AE2200D21A8A = {
						CreatedOnToolsVersion = 13.2.1;
						TestTargetID = B74A84B627C0AE1F00D21A8A;
					};
					B74A84D027C0AE2200D21A8A = {
						CreatedOnToolsVersion = 13.2.1;
						TestTargetID = B74A84B627C0AE1F00D21A8A;
					};
				};
			};
			buildConfigurationList = B74A84B227C0AE1F00D21A8A /* Build configuration list for PBXProject "DesafioImgur" */;
			compatibilityVersion = "Xcode 13.0";
			developmentRegion = en;
			hasScannedForEncodings = 0;
			knownRegions = (
				en,
				Base,
			);
			mainGroup = B74A84AE27C0AE1F00D21A8A;
			packageReferences = (
				B74A853727C5D71600D21A8A /* XCRemoteSwiftPackageReference "ToastUI" */,
			);
			productRefGroup = B74A84B827C0AE1F00D21A8A /* Products */;
			projectDirPath = "";
			projectRoot = "";
			targets = (
				B74A84B627C0AE1F00D21A8A /* DesafioImgur */,
				B74A84C627C0AE2200D21A8A /* DesafioImgurTests */,
				B74A84D027C0AE2200D21A8A /* DesafioImgurUITests */,
			);
		};
/* End PBXProject section */

/* Begin PBXResourcesBuildPhase section */
		B74A84B527C0AE1F00D21A8A /* Resources */ = {
			isa = PBXResourcesBuildPhase;
			buildActionMask = 2147483647;
			files = (
				B74A84C227C0AE2100D21A8A /* Preview Assets.xcassets in Resources */,
				B74A84BF27C0AE2100D21A8A /* Assets.xcassets in Resources */,
			);
			runOnlyForDeploymentPostprocessing = 0;
		};
		B74A84C527C0AE2200D21A8A /* Resources */ = {
			isa = PBXResourcesBuildPhase;
			buildActionMask = 2147483647;
			files = (
			);
			runOnlyForDeploymentPostprocessing = 0;
		};
		B74A84CF27C0AE2200D21A8A /* Resources */ = {
			isa = PBXResourcesBuildPhase;
			buildActionMask = 2147483647;
			files = (
			);
			runOnlyForDeploymentPostprocessing = 0;
		};
/* End PBXResourcesBuildPhase section */

/* Begin PBXSourcesBuildPhase section */
		B74A84B327C0AE1F00D21A8A /* Sources */ = {
			isa = PBXSourcesBuildPhase;
			buildActionMask = 2147483647;
			files = (
				B74A84BD27C0AE1F00D21A8A /* AppView.swift in Sources */,
				B74A852727C476DB00D21A8A /* HeaderGalleryView.swift in Sources */,
				B74A851627C4632900D21A8A /* GalleryViewModel.swift in Sources */,
				B74A850C27C4315200D21A8A /* AuthManager.swift in Sources */,
				B74A852427C466AC00D21A8A /* HeaderRequest.swift in Sources */,
				B74A84F727C3D54D00D21A8A /* WebViewModel.swift in Sources */,
				B74A84EE27C0BE0E00D21A8A /* WebView.swift in Sources */,
				B74A851227C4630A00D21A8A /* GalleryScreenView.swift in Sources */,
				B74A84EC27C0BBE700D21A8A /* AuthUtils.swift in Sources */,
				B74A84EA27C0B15F00D21A8A /* RestUtil.swift in Sources */,
				B74A84FF27C42EDD00D21A8A /* AuthenticateView.swift in Sources */,
				B74A851927C4635100D21A8A /* GalleryManager.swift in Sources */,
				B74A850927C4305600D21A8A /* AuthViewModel.swift in Sources */,
				B74A851B27C4636200D21A8A /* GalleryResponseEntity.swift in Sources */,
				B74A852A27C47C3200D21A8A /* GridItemsImages.swift in Sources */,
				B74A853527C56D2800D21A8A /* ImageScreenView.swift in Sources */,
				B74A853227C53B7200D21A8A /* CustomAsyncImage.swift in Sources */,
				B74A84BB27C0AE1F00D21A8A /* DesafioImgurApp.swift in Sources */,
				B74A84F327C0C03500D21A8A /* LocalStorage.swift in Sources */,
				B74A851E27C4637700D21A8A /* GalleryProvider.swift in Sources */,
				B74A84F027C0BEDC00D21A8A /* Constants.swift in Sources */,
				B74A850E27C4324200D21A8A /* AuthEntity.swift in Sources */,
			);
			runOnlyForDeploymentPostprocessing = 0;
		};
		B74A84C327C0AE2200D21A8A /* Sources */ = {
			isa = PBXSourcesBuildPhase;
			buildActionMask = 2147483647;
			files = (
				B74A84CC27C0AE2200D21A8A /* DesafioImgurTests.swift in Sources */,
			);
			runOnlyForDeploymentPostprocessing = 0;
		};
		B74A84CD27C0AE2200D21A8A /* Sources */ = {
			isa = PBXSourcesBuildPhase;
			buildActionMask = 2147483647;
			files = (
				B74A84D627C0AE2200D21A8A /* DesafioImgurUITests.swift in Sources */,
				B74A84D827C0AE2200D21A8A /* DesafioImgurUITestsLaunchTests.swift in Sources */,
			);
			runOnlyForDeploymentPostprocessing = 0;
		};
/* End PBXSourcesBuildPhase section */

/* Begin PBXTargetDependency section */
		B74A84C927C0AE2200D21A8A /* PBXTargetDependency */ = {
			isa = PBXTargetDependency;
			target = B74A84B627C0AE1F00D21A8A /* DesafioImgur */;
			targetProxy = B74A84C827C0AE2200D21A8A /* PBXContainerItemProxy */;
		};
		B74A84D327C0AE2200D21A8A /* PBXTargetDependency */ = {
			isa = PBXTargetDependency;
			target = B74A84B627C0AE1F00D21A8A /* DesafioImgur */;
			targetProxy = B74A84D227C0AE2200D21A8A /* PBXContainerItemProxy */;
		};
/* End PBXTargetDependency section */

/* Begin XCBuildConfiguration section */
		B74A84D927C0AE2200D21A8A /* Debug */ = {
			isa = XCBuildConfiguration;
			buildSettings = {
				ALWAYS_SEARCH_USER_PATHS = NO;
				CLANG_ANALYZER_NONNULL = YES;
				CLANG_ANALYZER_NUMBER_OBJECT_CONVERSION = YES_AGGRESSIVE;
				CLANG_CXX_LANGUAGE_STANDARD = "gnu++17";
				CLANG_CXX_LIBRARY = "libc++";
				CLANG_ENABLE_MODULES = YES;
				CLANG_ENABLE_OBJC_ARC = YES;
				CLANG_ENABLE_OBJC_WEAK = YES;
				CLANG_WARN_BLOCK_CAPTURE_AUTORELEASING = YES;
				CLANG_WARN_BOOL_CONVERSION = YES;
				CLANG_WARN_COMMA = YES;
				CLANG_WARN_CONSTANT_CONVERSION = YES;
				CLANG_WARN_DEPRECATED_OBJC_IMPLEMENTATIONS = YES;
				CLANG_WARN_DIRECT_OBJC_ISA_USAGE = YES_ERROR;
				CLANG_WARN_DOCUMENTATION_COMMENTS = YES;
				CLANG_WARN_EMPTY_BODY = YES;
				CLANG_WARN_ENUM_CONVERSION = YES;
				CLANG_WARN_INFINITE_RECURSION = YES;
				CLANG_WARN_INT_CONVERSION = YES;
				CLANG_WARN_NON_LITERAL_NULL_CONVERSION = YES;
				CLANG_WARN_OBJC_IMPLICIT_RETAIN_SELF = YES;
				CLANG_WARN_OBJC_LITERAL_CONVERSION = YES;
				CLANG_WARN_OBJC_ROOT_CLASS = YES_ERROR;
				CLANG_WARN_QUOTED_INCLUDE_IN_FRAMEWORK_HEADER = YES;
				CLANG_WARN_RANGE_LOOP_ANALYSIS = YES;
				CLANG_WARN_STRICT_PROTOTYPES = YES;
				CLANG_WARN_SUSPICIOUS_MOVE = YES;
				CLANG_WARN_UNGUARDED_AVAILABILITY = YES_AGGRESSIVE;
				CLANG_WARN_UNREACHABLE_CODE = YES;
				CLANG_WARN__DUPLICATE_METHOD_MATCH = YES;
				COPY_PHASE_STRIP = NO;
				DEBUG_INFORMATION_FORMAT = dwarf;
				ENABLE_STRICT_OBJC_MSGSEND = YES;
				ENABLE_TESTABILITY = YES;
				GCC_C_LANGUAGE_STANDARD = gnu11;
				GCC_DYNAMIC_NO_PIC = NO;
				GCC_NO_COMMON_BLOCKS = YES;
				GCC_OPTIMIZATION_LEVEL = 0;
				GCC_PREPROCESSOR_DEFINITIONS = (
					"DEBUG=1",
					"$(inherited)",
				);
				GCC_WARN_64_TO_32_BIT_CONVERSION = YES;
				GCC_WARN_ABOUT_RETURN_TYPE = YES_ERROR;
				GCC_WARN_UNDECLARED_SELECTOR = YES;
				GCC_WARN_UNINITIALIZED_AUTOS = YES_AGGRESSIVE;
				GCC_WARN_UNUSED_FUNCTION = YES;
				GCC_WARN_UNUSED_VARIABLE = YES;
				IPHONEOS_DEPLOYMENT_TARGET = 15.2;
				MTL_ENABLE_DEBUG_INFO = INCLUDE_SOURCE;
				MTL_FAST_MATH = YES;
				ONLY_ACTIVE_ARCH = YES;
				SDKROOT = iphoneos;
				SWIFT_ACTIVE_COMPILATION_CONDITIONS = DEBUG;
				SWIFT_OPTIMIZATION_LEVEL = "-Onone";
			};
			name = Debug;
		};
		B74A84DA27C0AE2200D21A8A /* Release */ = {
			isa = XCBuildConfiguration;
			buildSettings = {
				ALWAYS_SEARCH_USER_PATHS = NO;
				CLANG_ANALYZER_NONNULL = YES;
				CLANG_ANALYZER_NUMBER_OBJECT_CONVERSION = YES_AGGRESSIVE;
				CLANG_CXX_LANGUAGE_STANDARD = "gnu++17";
				CLANG_CXX_LIBRARY = "libc++";
				CLANG_ENABLE_MODULES = YES;
				CLANG_ENABLE_OBJC_ARC = YES;
				CLANG_ENABLE_OBJC_WEAK = YES;
				CLANG_WARN_BLOCK_CAPTURE_AUTORELEASING = YES;
				CLANG_WARN_BOOL_CONVERSION = YES;
				CLANG_WARN_COMMA = YES;
				CLANG_WARN_CONSTANT_CONVERSION = YES;
				CLANG_WARN_DEPRECATED_OBJC_IMPLEMENTATIONS = YES;
				CLANG_WARN_DIRECT_OBJC_ISA_USAGE = YES_ERROR;
				CLANG_WARN_DOCUMENTATION_COMMENTS = YES;
				CLANG_WARN_EMPTY_BODY = YES;
				CLANG_WARN_ENUM_CONVERSION = YES;
				CLANG_WARN_INFINITE_RECURSION = YES;
				CLANG_WARN_INT_CONVERSION = YES;
				CLANG_WARN_NON_LITERAL_NULL_CONVERSION = YES;
				CLANG_WARN_OBJC_IMPLICIT_RETAIN_SELF = YES;
				CLANG_WARN_OBJC_LITERAL_CONVERSION = YES;
				CLANG_WARN_OBJC_ROOT_CLASS = YES_ERROR;
				CLANG_WARN_QUOTED_INCLUDE_IN_FRAMEWORK_HEADER = YES;
				CLANG_WARN_RANGE_LOOP_ANALYSIS = YES;
				CLANG_WARN_STRICT_PROTOTYPES = YES;
				CLANG_WARN_SUSPICIOUS_MOVE = YES;
				CLANG_WARN_UNGUARDED_AVAILABILITY = YES_AGGRESSIVE;
				CLANG_WARN_UNREACHABLE_CODE = YES;
				CLANG_WARN__DUPLICATE_METHOD_MATCH = YES;
				COPY_PHASE_STRIP = NO;
				DEBUG_INFORMATION_FORMAT = "dwarf-with-dsym";
				ENABLE_NS_ASSERTIONS = NO;
				ENABLE_STRICT_OBJC_MSGSEND = YES;
				GCC_C_LANGUAGE_STANDARD = gnu11;
				GCC_NO_COMMON_BLOCKS = YES;
				GCC_WARN_64_TO_32_BIT_CONVERSION = YES;
				GCC_WARN_ABOUT_RETURN_TYPE = YES_ERROR;
				GCC_WARN_UNDECLARED_SELECTOR = YES;
				GCC_WARN_UNINITIALIZED_AUTOS = YES_AGGRESSIVE;
				GCC_WARN_UNUSED_FUNCTION = YES;
				GCC_WARN_UNUSED_VARIABLE = YES;
				IPHONEOS_DEPLOYMENT_TARGET = 15.2;
				MTL_ENABLE_DEBUG_INFO = NO;
				MTL_FAST_MATH = YES;
				SDKROOT = iphoneos;
				SWIFT_COMPILATION_MODE = wholemodule;
				SWIFT_OPTIMIZATION_LEVEL = "-O";
				VALIDATE_PRODUCT = YES;
			};
			name = Release;
		};
		B74A84DC27C0AE2200D21A8A /* Debug */ = {
			isa = XCBuildConfiguration;
			buildSettings = {
				ASSETCATALOG_COMPILER_APPICON_NAME = AppIcon;
				ASSETCATALOG_COMPILER_GLOBAL_ACCENT_COLOR_NAME = AccentColor;
				CODE_SIGN_STYLE = Automatic;
				CURRENT_PROJECT_VERSION = 1;
				DEVELOPMENT_ASSET_PATHS = "\"DesafioImgur/Preview Content\"";
				DEVELOPMENT_TEAM = FY8FQS93G9;
				ENABLE_PREVIEWS = YES;
				GENERATE_INFOPLIST_FILE = YES;
				INFOPLIST_KEY_UIApplicationSceneManifest_Generation = YES;
				INFOPLIST_KEY_UIApplicationSupportsIndirectInputEvents = YES;
				INFOPLIST_KEY_UILaunchScreen_Generation = YES;
				INFOPLIST_KEY_UISupportedInterfaceOrientations_iPad = "UIInterfaceOrientationPortrait UIInterfaceOrientationPortraitUpsideDown UIInterfaceOrientationLandscapeLeft UIInterfaceOrientationLandscapeRight";
				INFOPLIST_KEY_UISupportedInterfaceOrientations_iPhone = "UIInterfaceOrientationPortrait UIInterfaceOrientationLandscapeLeft UIInterfaceOrientationLandscapeRight";
				LD_RUNPATH_SEARCH_PATHS = (
					"$(inherited)",
					"@executable_path/Frameworks",
				);
				MARKETING_VERSION = 1.0;
				PRODUCT_BUNDLE_IDENTIFIER = tech.line.DesafioImgur;
				PRODUCT_NAME = "$(TARGET_NAME)";
				SWIFT_EMIT_LOC_STRINGS = YES;
				SWIFT_VERSION = 5.0;
				TARGETED_DEVICE_FAMILY = "1,2";
			};
			name = Debug;
		};
		B74A84DD27C0AE2200D21A8A /* Release */ = {
			isa = XCBuildConfiguration;
			buildSettings = {
				ASSETCATALOG_COMPILER_APPICON_NAME = AppIcon;
				ASSETCATALOG_COMPILER_GLOBAL_ACCENT_COLOR_NAME = AccentColor;
				CODE_SIGN_STYLE = Automatic;
				CURRENT_PROJECT_VERSION = 1;
				DEVELOPMENT_ASSET_PATHS = "\"DesafioImgur/Preview Content\"";
				DEVELOPMENT_TEAM = FY8FQS93G9;
				ENABLE_PREVIEWS = YES;
				GENERATE_INFOPLIST_FILE = YES;
				INFOPLIST_KEY_UIApplicationSceneManifest_Generation = YES;
				INFOPLIST_KEY_UIApplicationSupportsIndirectInputEvents = YES;
				INFOPLIST_KEY_UILaunchScreen_Generation = YES;
				INFOPLIST_KEY_UISupportedInterfaceOrientations_iPad = "UIInterfaceOrientationPortrait UIInterfaceOrientationPortraitUpsideDown UIInterfaceOrientationLandscapeLeft UIInterfaceOrientationLandscapeRight";
				INFOPLIST_KEY_UISupportedInterfaceOrientations_iPhone = "UIInterfaceOrientationPortrait UIInterfaceOrientationLandscapeLeft UIInterfaceOrientationLandscapeRight";
				LD_RUNPATH_SEARCH_PATHS = (
					"$(inherited)",
					"@executable_path/Frameworks",
				);
				MARKETING_VERSION = 1.0;
				PRODUCT_BUNDLE_IDENTIFIER = tech.line.DesafioImgur;
				PRODUCT_NAME = "$(TARGET_NAME)";
				SWIFT_EMIT_LOC_STRINGS = YES;
				SWIFT_VERSION = 5.0;
				TARGETED_DEVICE_FAMILY = "1,2";
			};
			name = Release;
		};
		B74A84DF27C0AE2200D21A8A /* Debug */ = {
			isa = XCBuildConfiguration;
			buildSettings = {
				ALWAYS_EMBED_SWIFT_STANDARD_LIBRARIES = YES;
				BUNDLE_LOADER = "$(TEST_HOST)";
				CODE_SIGN_STYLE = Automatic;
				CURRENT_PROJECT_VERSION = 1;
				DEVELOPMENT_TEAM = FY8FQS93G9;
				GENERATE_INFOPLIST_FILE = YES;
				IPHONEOS_DEPLOYMENT_TARGET = 15.2;
				MARKETING_VERSION = 1.0;
				PRODUCT_BUNDLE_IDENTIFIER = tech.line.DesafioImgurTests;
				PRODUCT_NAME = "$(TARGET_NAME)";
				SWIFT_EMIT_LOC_STRINGS = NO;
				SWIFT_VERSION = 5.0;
				TARGETED_DEVICE_FAMILY = "1,2";
				TEST_HOST = "$(BUILT_PRODUCTS_DIR)/DesafioImgur.app/DesafioImgur";
			};
			name = Debug;
		};
		B74A84E027C0AE2200D21A8A /* Release */ = {
			isa = XCBuildConfiguration;
			buildSettings = {
				ALWAYS_EMBED_SWIFT_STANDARD_LIBRARIES = YES;
				BUNDLE_LOADER = "$(TEST_HOST)";
				CODE_SIGN_STYLE = Automatic;
				CURRENT_PROJECT_VERSION = 1;
				DEVELOPMENT_TEAM = FY8FQS93G9;
				GENERATE_INFOPLIST_FILE = YES;
				IPHONEOS_DEPLOYMENT_TARGET = 15.2;
				MARKETING_VERSION = 1.0;
				PRODUCT_BUNDLE_IDENTIFIER = tech.line.DesafioImgurTests;
				PRODUCT_NAME = "$(TARGET_NAME)";
				SWIFT_EMIT_LOC_STRINGS = NO;
				SWIFT_VERSION = 5.0;
				TARGETED_DEVICE_FAMILY = "1,2";
				TEST_HOST = "$(BUILT_PRODUCTS_DIR)/DesafioImgur.app/DesafioImgur";
			};
			name = Release;
		};
		B74A84E227C0AE2200D21A8A /* Debug */ = {
			isa = XCBuildConfiguration;
			buildSettings = {
				ALWAYS_EMBED_SWIFT_STANDARD_LIBRARIES = YES;
				CODE_SIGN_STYLE = Automatic;
				CURRENT_PROJECT_VERSION = 1;
				DEVELOPMENT_TEAM = FY8FQS93G9;
				GENERATE_INFOPLIST_FILE = YES;
				MARKETING_VERSION = 1.0;
				PRODUCT_BUNDLE_IDENTIFIER = tech.line.DesafioImgurUITests;
				PRODUCT_NAME = "$(TARGET_NAME)";
				SWIFT_EMIT_LOC_STRINGS = NO;
				SWIFT_VERSION = 5.0;
				TARGETED_DEVICE_FAMILY = "1,2";
				TEST_TARGET_NAME = DesafioImgur;
			};
			name = Debug;
		};
		B74A84E327C0AE2200D21A8A /* Release */ = {
			isa = XCBuildConfiguration;
			buildSettings = {
				ALWAYS_EMBED_SWIFT_STANDARD_LIBRARIES = YES;
				CODE_SIGN_STYLE = Automatic;
				CURRENT_PROJECT_VERSION = 1;
				DEVELOPMENT_TEAM = FY8FQS93G9;
				GENERATE_INFOPLIST_FILE = YES;
				MARKETING_VERSION = 1.0;
				PRODUCT_BUNDLE_IDENTIFIER = tech.line.DesafioImgurUITests;
				PRODUCT_NAME = "$(TARGET_NAME)";
				SWIFT_EMIT_LOC_STRINGS = NO;
				SWIFT_VERSION = 5.0;
				TARGETED_DEVICE_FAMILY = "1,2";
				TEST_TARGET_NAME = DesafioImgur;
			};
			name = Release;
		};
/* End XCBuildConfiguration section */

/* Begin XCConfigurationList section */
		B74A84B227C0AE1F00D21A8A /* Build configuration list for PBXProject "DesafioImgur" */ = {
			isa = XCConfigurationList;
			buildConfigurations = (
				B74A84D927C0AE2200D21A8A /* Debug */,
				B74A84DA27C0AE2200D21A8A /* Release */,
			);
			defaultConfigurationIsVisible = 0;
			defaultConfigurationName = Release;
		};
		B74A84DB27C0AE2200D21A8A /* Build configuration list for PBXNativeTarget "DesafioImgur" */ = {
			isa = XCConfigurationList;
			buildConfigurations = (
				B74A84DC27C0AE2200D21A8A /* Debug */,
				B74A84DD27C0AE2200D21A8A /* Release */,
			);
			defaultConfigurationIsVisible = 0;
			defaultConfigurationName = Release;
		};
		B74A84DE27C0AE2200D21A8A /* Build configuration list for PBXNativeTarget "DesafioImgurTests" */ = {
			isa = XCConfigurationList;
			buildConfigurations = (
				B74A84DF27C0AE2200D21A8A /* Debug */,
				B74A84E027C0AE2200D21A8A /* Release */,
			);
			defaultConfigurationIsVisible = 0;
			defaultConfigurationName = Release;
		};
		B74A84E127C0AE2200D21A8A /* Build configuration list for PBXNativeTarget "DesafioImgurUITests" */ = {
			isa = XCConfigurationList;
			buildConfigurations = (
				B74A84E227C0AE2200D21A8A /* Debug */,
				B74A84E327C0AE2200D21A8A /* Release */,
			);
			defaultConfigurationIsVisible = 0;
			defaultConfigurationName = Release;
		};
/* End XCConfigurationList section */

/* Begin XCRemoteSwiftPackageReference section */
		B74A853727C5D71600D21A8A /* XCRemoteSwiftPackageReference "ToastUI" */ = {
			isa = XCRemoteSwiftPackageReference;
			repositoryURL = "https://github.com/quanshousio/ToastUI";
			requirement = {
				kind = upToNextMajorVersion;
				minimumVersion = 2.0.0;
			};
		};
/* End XCRemoteSwiftPackageReference section */

/* Begin XCSwiftPackageProductDependency section */
		B74A853827C5D71700D21A8A /* ToastUI */ = {
			isa = XCSwiftPackageProductDependency;
			package = B74A853727C5D71600D21A8A /* XCRemoteSwiftPackageReference "ToastUI" */;
			productName = ToastUI;
		};
/* End XCSwiftPackageProductDependency section */
	};
	rootObject = B74A84AF27C0AE1F00D21A8A /* Project object */;
}
